# @generated - this file is auto-generated by `mise lock` https://mise.en.dev/dev-tools/mise-lock.html

[[tools.bun]]
version = "1.3.14"
backend = "core:bun"

[tools.bun."platforms.linux-arm64"]
checksum = "sha256:a27ffb63a8310375836e0d6f668ae17fa8d8d18b88c37c821c65331973a19a3b"
url = "https://github.com/oven-sh/bun/releases/download/bun-v1.3.14/bun-linux-aarch64.zip"

[tools.bun."platforms.linux-arm64-musl"]
checksum = "sha256:b98e0ad3625c5c00d1d5b5ff55605c7adddbfae151861e68ade57b2d3b8703bb"
url = "https://github.com/oven-sh/bun/releases/download/bun-v1.3.14/bun-linux-aarch64-musl.zip"

[tools.bun."platforms.linux-x64"]
checksum = "sha256:951ee2aee855f08595aeec6225226a298d3fea83a3dcd6465c09cbccdf7e848f"
url = "https://github.com/oven-sh/bun/releases/download/bun-v1.3.14/bun-linux-x64.zip"

[tools.bun."platforms.linux-x64-baseline"]
checksum = "sha256:a063908ae08b7852ca10939bbdc6ceed3ddabce8fb9402dce83d65d73b36e6c7"
url = "https://github.com/oven-sh/bun/releases/download/bun-v1.3.14/bun-linux-x64-baseline.zip"

[tools.bun."platforms.linux-x64-musl"]
checksum = "sha256:14bd9aedeebf1dba67e8def9531c89bc989ecfdf1de42e5bfcaf1b8cd9294719"
url = "https://github.com/oven-sh/bun/releases/download/bun-v1.3.14/bun-linux-x64-musl.zip"

[tools.bun."platforms.linux-x64-musl-baseline"]
checksum = "sha256:56a7d6806cf155536c0178f0ea5fbd098e684fa509ebdb4fc0a7e19fb65382dc"
url = "https://github.com/oven-sh/bun/releases/download/bun-v1.3.14/bun-linux-x64-musl-baseline.zip"

[tools.bun."platforms.macos-arm64"]
checksum = "sha256:d8b96221828ad6f97ac7ac0ab7e95872341af763001e8803e8267652c2652620"
url = "https://github.com/oven-sh/bun/releases/download/bun-v1.3.14/bun-darwin-aarch64.zip"

[tools.bun."platforms.macos-x64"]
checksum = "sha256:4183df3374623e5bab315c547cfa0974533cd457d86b73b639f7a87974cd6633"
url = "https://github.com/oven-sh/bun/releases/download/bun-v1.3.14/bun-darwin-x64.zip"

[tools.bun."platforms.macos-x64-baseline"]
checksum = "sha256:3e35ad6f53971a9834bf9e6786e2adf72b5f1921cc9a9c5fde073d2972944076"
url = "https://github.com/oven-sh/bun/releases/download/bun-v1.3.14/bun-darwin-x64-baseline.zip"

[tools.bun."platforms.windows-x64"]
checksum = "sha256:0a0620930b6675d7ba440e81f4e0e00d3cfbe096c4b140d3fff02205e9e18922"
url = "https://github.com/oven-sh/bun/releases/download/bun-v1.3.14/bun-windows-x64.zip"

[tools.bun."platforms.windows-x64-baseline"]
checksum = "sha256:538f9c846355d9e847b2671bc00c47da4229a0befb24df3282b739770f3b475f"
url = "https://github.com/oven-sh/bun/releases/download/bun-v1.3.14/bun-windows-x64-baseline.zip"

[[tools.gh]]
version = "2.93.0"
backend = "aqua:cli/cli"

[tools.gh."platforms.linux-arm64"]
checksum = "sha256:c55feb33684abba57e9909737340d5b39282257c0363e1edde6785ac4a413be7"
url = "https://github.com/cli/cli/releases/download/v2.93.0/gh_2.93.0_linux_arm64.tar.gz"
provenance = "github-attestations"

[tools.gh."platforms.linux-arm64-musl"]
checksum = "sha256:c55feb33684abba57e9909737340d5b39282257c0363e1edde6785ac4a413be7"
url = "https://github.com/cli/cli/releases/download/v2.93.0/gh_2.93.0_linux_arm64.tar.gz"
provenance = "github-attestations"

[tools.gh."platforms.linux-x64"]
checksum = "sha256:02d1290eba130e0b896f3709ffff22e1c75a51475ddb70476a85abc6b5807af0"
url = "https://github.com/cli/cli/releases/download/v2.93.0/gh_2.93.0_linux_amd64.tar.gz"
provenance = "github-attestations"

[tools.gh."platforms.linux-x64-baseline"]
checksum = "sha256:02d1290eba130e0b896f3709ffff22e1c75a51475ddb70476a85abc6b5807af0"
url = "https://github.com/cli/cli/releases/download/v2.93.0/gh_2.93.0_linux_amd64.tar.gz"
provenance = "github-attestations"

[tools.gh."platforms.linux-x64-musl"]
checksum = "sha256:02d1290eba130e0b896f3709ffff22e1c75a51475ddb70476a85abc6b5807af0"
url = "https://github.com/cli/cli/releases/download/v2.93.0/gh_2.93.0_linux_amd64.tar.gz"
provenance = "github-attestations"

[tools.gh."platforms.linux-x64-musl-baseline"]
checksum = "sha256:02d1290eba130e0b896f3709ffff22e1c75a51475ddb70476a85abc6b5807af0"
url = "https://github.com/cli/cli/releases/download/v2.93.0/gh_2.93.0_linux_amd64.tar.gz"
provenance = "github-attestations"

[tools.gh."platforms.macos-arm64"]
checksum = "sha256:a86be4e0a86c26456cf71177d6572d6f1165cf1679e532b72f7f15918ee51fd2"
url = "https://github.com/cli/cli/releases/download/v2.93.0/gh_2.93.0_macOS_arm64.zip"
provenance = "github-attestations"

[tools.gh."platforms.macos-x64"]
checksum = "sha256:009425b9d175c482037fe25181817fd6b1ea3ae1f51cfae0e18f29f33d3152ac"
url = "https://github.com/cli/cli/releases/download/v2.93.0/gh_2.93.0_macOS_amd64.zip"
provenance = "github-attestations"

[tools.gh."platforms.macos-x64-baseline"]
checksum = "sha256:009425b9d175c482037fe25181817fd6b1ea3ae1f51cfae0e18f29f33d3152ac"
url = "https://github.com/cli/cli/releases/download/v2.93.0/gh_2.93.0_macOS_amd64.zip"
provenance = "github-attestations"

[tools.gh."platforms.windows-x64"]
checksum = "sha256:77aa01ed7317295ad550de0ad04f3f276b1ef0e9272e3d002ac28dd99853d211"
url = "https://github.com/cli/cli/releases/download/v2.93.0/gh_2.93.0_windows_amd64.zip"
provenance = "github-attestations"

[tools.gh."platforms.windows-x64-baseline"]
checksum = "sha256:77aa01ed7317295ad550de0ad04f3f276b1ef0e9272e3d002ac28dd99853d211"
url = "https://github.com/cli/cli/releases/download/v2.93.0/gh_2.93.0_windows_amd64.zip"
provenance = "github-attestations"

[[tools."github:nats-io/nats-server"]]
version = "2.14.0"
backend = "github:nats-io/nats-server"

[tools."github:nats-io/nats-server"."platforms.linux-arm64"]
checksum = "sha256:ce7dc5f7d97b70dabc38b13157fed28d7d06227860676143c15c62c5c297996c"
url = "https://github.com/nats-io/nats-server/releases/download/v2.14.0/nats-server-v2.14.0-linux-arm64.tar.gz"
url_api = "https://api.github.com/repos/nats-io/nats-server/releases/assets/409045586"

[tools."github:nats-io/nats-server"."platforms.linux-arm64-musl"]
checksum = "sha256:ce7dc5f7d97b70dabc38b13157fed28d7d06227860676143c15c62c5c297996c"
url = "https://github.com/nats-io/nats-server/releases/download/v2.14.0/nats-server-v2.14.0-linux-arm64.tar.gz"
url_api = "https://api.github.com/repos/nats-io/nats-server/releases/assets/409045586"

[tools."github:nats-io/nats-server"."platforms.linux-x64"]
checksum = "sha256:3d8b74dfad39af184c765a6dd120441ed1c648d6672eddf6b304f222661251b8"
url = "https://github.com/nats-io/nats-server/releases/download/v2.14.0/nats-server-v2.14.0-linux-amd64.tar.gz"
url_api = "https://api.github.com/repos/nats-io/nats-server/releases/assets/409045571"

[tools."github:nats-io/nats-server"."platforms.linux-x64-baseline"]
checksum = "sha256:3d8b74dfad39af184c765a6dd120441ed1c648d6672eddf6b304f222661251b8"
url = "https://github.com/nats-io/nats-server/releases/download/v2.14.0/nats-server-v2.14.0-linux-amd64.tar.gz"
url_api = "https://api.github.com/repos/nats-io/nats-server/releases/assets/409045571"

[tools."github:nats-io/nats-server"."platforms.linux-x64-musl"]
checksum = "sha256:3d8b74dfad39af184c765a6dd120441ed1c648d6672eddf6b304f222661251b8"
url = "https://github.com/nats-io/nats-server/releases/download/v2.14.0/nats-server-v2.14.0-linux-amd64.tar.gz"
url_api = "https://api.github.com/repos/nats-io/nats-server/releases/assets/409045571"

[tools."github:nats-io/nats-server"."platforms.linux-x64-musl-baseline"]
checksum = "sha256:3d8b74dfad39af184c765a6dd120441ed1c648d6672eddf6b304f222661251b8"
url = "https://github.com/nats-io/nats-server/releases/download/v2.14.0/nats-server-v2.14.0-linux-amd64.tar.gz"
url_api = "https://api.github.com/repos/nats-io/nats-server/releases/assets/409045571"

[tools."github:nats-io/nats-server"."platforms.macos-arm64"]
checksum = "sha256:36f28cf166e5ae5dd88d700a609c810b97ffad641e0c51b49cf8fae25fb3fac7"
url = "https://github.com/nats-io/nats-server/releases/download/v2.14.0/nats-server-v2.14.0-darwin-arm64.tar.gz"
url_api = "https://api.github.com/repos/nats-io/nats-server/releases/assets/409045578"

[tools."github:nats-io/nats-server"."platforms.macos-x64"]
checksum = "sha256:c307afaa5810dea24bfe5bb0cd895ddc7c47946f359823336ef3be1a41bdddfa"
url = "https://github.com/nats-io/nats-server/releases/download/v2.14.0/nats-server-v2.14.0-darwin-amd64.tar.gz"
url_api = "https://api.github.com/repos/nats-io/nats-server/releases/assets/409045573"

[tools."github:nats-io/nats-server"."platforms.macos-x64-baseline"]
checksum = "sha256:c307afaa5810dea24bfe5bb0cd895ddc7c47946f359823336ef3be1a41bdddfa"
url = "https://github.com/nats-io/nats-server/releases/download/v2.14.0/nats-server-v2.14.0-darwin-amd64.tar.gz"
url_api = "https://api.github.com/repos/nats-io/nats-server/releases/assets/409045573"

[tools."github:nats-io/nats-server"."platforms.windows-x64"]
checksum = "sha256:09ba382669cc4df390f97f16f08481f040eef0bb17ca5f2d71104b4be4cd613a"
url = "https://github.com/nats-io/nats-server/releases/download/v2.14.0/nats-server-v2.14.0-windows-amd64.zip"
url_api = "https://api.github.com/repos/nats-io/nats-server/releases/assets/409045593"

[tools."github:nats-io/nats-server"."platforms.windows-x64-baseline"]
checksum = "sha256:09ba382669cc4df390f97f16f08481f040eef0bb17ca5f2d71104b4be4cd613a"
url = "https://github.com/nats-io/nats-server/releases/download/v2.14.0/nats-server-v2.14.0-windows-amd64.zip"
url_api = "https://api.github.com/repos/nats-io/nats-server/releases/assets/409045593"

[[tools."github:nats-io/natscli"]]
version = "0.4.0"
backend = "github:nats-io/natscli"

[tools."github:nats-io/natscli"."platforms.linux-arm64"]
checksum = "sha256:9ce0c8a6653cd697d0b32687fcb53b59c13a2ad7a6ade7af8ad8a1c0f7357a87"
url = "https://github.com/nats-io/natscli/releases/download/v0.4.0/nats-0.4.0-linux-arm64.zip"
url_api = "https://api.github.com/repos/nats-io/natscli/releases/assets/409778103"

[tools."github:nats-io/natscli"."platforms.linux-arm64-musl"]
checksum = "sha256:9ce0c8a6653cd697d0b32687fcb53b59c13a2ad7a6ade7af8ad8a1c0f7357a87"
url = "https://github.com/nats-io/natscli/releases/download/v0.4.0/nats-0.4.0-linux-arm64.zip"
url_api = "https://api.github.com/repos/nats-io/natscli/releases/assets/409778103"

[tools."github:nats-io/natscli"."platforms.linux-x64"]
checksum = "sha256:8dbd437c826b953dbd7432cf890ef22ba3c33dccc3dce5e71b3e8d055427849c"
url = "https://github.com/nats-io/natscli/releases/download/v0.4.0/nats-0.4.0-linux-amd64.zip"
url_api = "https://api.github.com/repos/nats-io/natscli/releases/assets/409778099"

[tools."github:nats-io/natscli"."platforms.linux-x64-baseline"]
checksum = "sha256:8dbd437c826b953dbd7432cf890ef22ba3c33dccc3dce5e71b3e8d055427849c"
url = "https://github.com/nats-io/natscli/releases/download/v0.4.0/nats-0.4.0-linux-amd64.zip"
url_api = "https://api.github.com/repos/nats-io/natscli/releases/assets/409778099"

[tools."github:nats-io/natscli"."platforms.linux-x64-musl"]
checksum = "sha256:8dbd437c826b953dbd7432cf890ef22ba3c33dccc3dce5e71b3e8d055427849c"
url = "https://github.com/nats-io/natscli/releases/download/v0.4.0/nats-0.4.0-linux-amd64.zip"
url_api = "https://api.github.com/repos/nats-io/natscli/releases/assets/409778099"

[tools."github:nats-io/natscli"."platforms.linux-x64-musl-baseline"]
checksum = "sha256:8dbd437c826b953dbd7432cf890ef22ba3c33dccc3dce5e71b3e8d055427849c"
url = "https://github.com/nats-io/natscli/releases/download/v0.4.0/nats-0.4.0-linux-amd64.zip"
url_api = "https://api.github.com/repos/nats-io/natscli/releases/assets/409778099"

[tools."github:nats-io/natscli"."platforms.macos-arm64"]
checksum = "sha256:39a68a0673f1b87d0887f48b02ca17f5d803f5689d4a9cff8e74b6411d6baef7"
url = "https://github.com/nats-io/natscli/releases/download/v0.4.0/nats-0.4.0-darwin-arm64.zip"
url_api = "https://api.github.com/repos/nats-io/natscli/releases/assets/409778085"

[tools."github:nats-io/natscli"."platforms.macos-x64"]
checksum = "sha256:87cbc208a9fb1dcd3be364ab351a14901c9c29d50ef6a7a2fd897362dbb0db47"
url = "https://github.com/nats-io/natscli/releases/download/v0.4.0/nats-0.4.0-darwin-amd64.zip"
url_api = "https://api.github.com/repos/nats-io/natscli/releases/assets/409778086"

[tools."github:nats-io/natscli"."platforms.macos-x64-baseline"]
checksum = "sha256:87cbc208a9fb1dcd3be364ab351a14901c9c29d50ef6a7a2fd897362dbb0db47"
url = "https://github.com/nats-io/natscli/releases/download/v0.4.0/nats-0.4.0-darwin-amd64.zip"
url_api = "https://api.github.com/repos/nats-io/natscli/releases/assets/409778086"

[tools."github:nats-io/natscli"."platforms.windows-x64"]
checksum = "sha256:72f87f901b6026f2b749dbf77b9b2d82590643e7c35f101809fcd5a01486c407"
url = "https://github.com/nats-io/natscli/releases/download/v0.4.0/nats-0.4.0-windows-amd64.zip"
url_api = "https://api.github.com/repos/nats-io/natscli/releases/assets/409778106"

[tools."github:nats-io/natscli"."platforms.windows-x64-baseline"]
checksum = "sha256:72f87f901b6026f2b749dbf77b9b2d82590643e7c35f101809fcd5a01486c407"
url = "https://github.com/nats-io/natscli/releases/download/v0.4.0/nats-0.4.0-windows-amd64.zip"
url_api = "https://api.github.com/repos/nats-io/natscli/releases/assets/409778106"

[[tools.node]]
version = "24.16.0"
backend = "core:node"

[tools.node."platforms.linux-arm64"]
checksum = "sha256:589f5b6dd4fcfee4dfda73013903c966abaa8abd93dbc9d436544e472b4f0e74"
url = "https://nodejs.org/dist/v24.16.0/node-v24.16.0-linux-arm64.tar.gz"

[tools.node."platforms.linux-arm64-musl"]
checksum = "sha256:85dde27aa73503b03dadfa0410a800067b4e3f702fb7fcaa3beaf284dfcc69e9"
url = "https://unofficial-builds.nodejs.org/download/release/v24.16.0/node-v24.16.0-linux-arm64-musl.tar.gz"

[tools.node."platforms.linux-x64"]
checksum = "sha256:2faf6a387e9b62b888e21c54f01249fb27537ffecf1842f29f4c919d0a59a0ff"
url = "https://nodejs.org/dist/v24.16.0/node-v24.16.0-linux-x64.tar.gz"

[tools.node."platforms.linux-x64-baseline"]
checksum = "sha256:2faf6a387e9b62b888e21c54f01249fb27537ffecf1842f29f4c919d0a59a0ff"
url = "https://nodejs.org/dist/v24.16.0/node-v24.16.0-linux-x64.tar.gz"

[tools.node."platforms.linux-x64-musl"]
checksum = "sha256:50df5d8d474892d4f7b906167df36f77f5b93908f63dc532dc568219cab65841"
url = "https://unofficial-builds.nodejs.org/download/release/v24.16.0/node-v24.16.0-linux-x64-musl.tar.gz"

[tools.node."platforms.linux-x64-musl-baseline"]
checksum = "sha256:50df5d8d474892d4f7b906167df36f77f5b93908f63dc532dc568219cab65841"
url = "https://unofficial-builds.nodejs.org/download/release/v24.16.0/node-v24.16.0-linux-x64-musl.tar.gz"

[tools.node."platforms.macos-arm64"]
checksum = "sha256:39189dab4eeb15706c424af0ac08a3044c9e48f7db12a7d77f6b7aafc7dd5df6"
url = "https://nodejs.org/dist/v24.16.0/node-v24.16.0-darwin-arm64.tar.gz"

[tools.node."platforms.macos-x64"]
checksum = "sha256:298b4c7b3cb80765c8703e42b90324a4ece3b6634947b89e769c3c980ab55185"
url = "https://nodejs.org/dist/v24.16.0/node-v24.16.0-darwin-x64.tar.gz"

[tools.node."platforms.macos-x64-baseline"]
checksum = "sha256:298b4c7b3cb80765c8703e42b90324a4ece3b6634947b89e769c3c980ab55185"
url = "https://nodejs.org/dist/v24.16.0/node-v24.16.0-darwin-x64.tar.gz"

[tools.node."platforms.windows-x64"]
checksum = "sha256:edaca9bd58ec8e92037dac4e877d52f6b8f430b81c18b57e264b4e2fb111cd56"
url = "https://nodejs.org/dist/v24.16.0/node-v24.16.0-win-x64.zip"

[tools.node."platforms.windows-x64-baseline"]
checksum = "sha256:edaca9bd58ec8e92037dac4e877d52f6b8f430b81c18b57e264b4e2fb111cd56"
url = "https://nodejs.org/dist/v24.16.0/node-v24.16.0-win-x64.zip"
